
Microsoft Visual Studio Solution File, Format Version 12.00
# Visual Studio Version 16
VisualStudioVersion = 16.6.30114.105
MinimumVisualStudioVersion = 10.0.40219.1
Project("{FAE04EC0-301F-11D3-BF4B-00C04F79EFBC}") = "API", "API\API.csproj", "{64B734C1-88C7-45DC-8FC6-B45C6F9B5B0C}"
EndProject
Project("{FAE04EC0-301F-11D3-BF4B-00C04F79EFBC}") = "Application", "Application\Application.csproj", "{6925B8AB-ED99-4B0A-92B6-6E3AAF9EBC84}"
EndProject
Project("{FAE04EC0-301F-11D3-BF4B-00C04F79EFBC}") = "Persistence", "Persistence\Persistence.csproj", "{4436A8F2-48B3-4D8A-BD13-72324D023C1F}"
EndProject
Project("{FAE04EC0-301F-11D3-BF4B-00C04F79EFBC}") = "Domain", "Domain\Domain.csproj", "{94118964-B849-4321-88EF-49E0C7FEAC94}"
EndProject
Global
	GlobalSection(SolutionConfigurationPlatforms) = preSolution
		Debug|Any CPU = Debug|Any CPU
		Debug|x64 = Debug|x64
		Debug|x86 = Debug|x86
		Release|Any CPU = Release|Any CPU
		Release|x64 = Release|x64
		Release|x86 = Release|x86
	EndGlobalSection
	GlobalSection(SolutionProperties) = preSolution
		HideSolutionNode = FALSE
	EndGlobalSection
	GlobalSection(ProjectConfigurationPlatforms) = postSolution
		{64B734C1-88C7-45DC-8FC6-B45C6F9B5B0C}.Debug|Any CPU.ActiveCfg = Debug|Any CPU
		{64B734C1-88C7-45DC-8FC6-B45C6F9B5B0C}.Debug|Any CPU.Build.0 = Debug|Any CPU
		{64B734C1-88C7-45DC-8FC6-B45C6F9B5B0C}.Debug|x64.ActiveCfg = Debug|Any CPU
		{64B734C1-88C7-45DC-8FC6-B45C6F9B5B0C}.Debug|x64.Build.0 = Debug|Any CPU
		{64B734C1-88C7-45DC-8FC6-B45C6F9B5B0C}.Debug|x86.ActiveCfg = Debug|Any CPU
		{64B734C1-88C7-45DC-8FC6-B45C6F9B5B0C}.Debug|x86.Build.0 = Debug|Any CPU
		{64B734C1-88C7-45DC-8FC6-B45C6F9B5B0C}.Release|Any CPU.ActiveCfg = Release|Any CPU
		{64B734C1-88C7-45DC-8FC6-B45C6F9B5B0C}.Release|Any CPU.Build.0 = Release|Any CPU
		{64B734C1-88C7-45DC-8FC6-B45C6F9B5B0C}.Release|x64.ActiveCfg = Release|Any CPU
		{64B734C1-88C7-45DC-8FC6-B45C6F9B5B0C}.Release|x64.Build.0 = Release|Any CPU
		{64B734C1-88C7-45DC-8FC6-B45C6F9B5B0C}.Release|x86.ActiveCfg = Release|Any CPU
		{64B734C1-88C7-45DC-8FC6-B45C6F9B5B0C}.Release|x86.Build.0 = Release|Any CPU
		{6925B8AB-ED99-4B0A-92B6-6E3AAF9EBC84}.Debug|Any CPU.ActiveCfg = Debug|Any CPU
		{6925B8AB-ED99-4B0A-92B6-6E3AAF9EBC84}.Debug|Any CPU.Build.0 = Debug|Any CPU
		{6925B8AB-ED99-4B0A-92B6-6E3AAF9EBC84}.Debug|x64.ActiveCfg = Debug|Any CPU
		{6925B8AB-ED99-4B0A-92B6-6E3AAF9EBC84}.Debug|x64.Build.0 = Debug|Any CPU
		{6925B8AB-ED99-4B0A-92B6-6E3AAF9EBC84}.Debug|x86.ActiveCfg = Debug|Any CPU
		{6925B8AB-ED99-4B0A-92B6-6E3AAF9EBC84}.Debug|x86.Build.0 = Debug|Any CPU
		{6925B8AB-ED99-4B0A-92B6-6E3AAF9EBC84}.Release|Any CPU.ActiveCfg = Release|Any CPU
		{6925B8AB-ED99-4B0A-92B6-6E3AAF9EBC84}.Release|Any CPU.Build.0 = Release|Any CPU
		{6925B8AB-ED99-4B0A-92B6-6E3AAF9EBC84}.Release|x64.ActiveCfg = Release|Any CPU
		{6925B8AB-ED99-4B0A-92B6-6E3AAF9EBC84}.Release|x64.Build.0 = Release|Any CPU
		{6925B8AB-ED99-4B0A-92B6-6E3AAF9EBC84}.Release|x86.ActiveCfg = Release|Any CPU
		{6925B8AB-ED99-4B0A-92B6-6E3AAF9EBC84}.Release|x86.Build.0 = Release|Any CPU
		{4436A8F2-48B3-4D8A-BD13-72324D023C1F}.Debug|Any CPU.ActiveCfg = Debug|Any CPU
		{4436A8F2-48B3-4D8A-BD13-72324D023C1F}.Debug|Any CPU.Build.0 = Debug|Any CPU
		{4436A8F2-48B3-4D8A-BD13-72324D023C1F}.Debug|x64.ActiveCfg = Debug|Any CPU
		{4436A8F2-48B3-4D8A-BD13-72324D023C1F}.Debug|x64.Build.0 = Debug|Any CPU
		{4436A8F2-48B3-4D8A-BD13-72324D023C1F}.Debug|x86.ActiveCfg = Debug|Any CPU
		{4436A8F2-48B3-4D8A-BD13-72324D023C1F}.Debug|x86.Build.0 = Debug|Any CPU
		{4436A8F2-48B3-4D8A-BD13-72324D023C1F}.Release|Any CPU.ActiveCfg = Release|Any CPU
		{4436A8F2-48B3-4D8A-BD13-72324D023C1F}.Release|Any CPU.Build.0 = Release|Any CPU
		{4436A8F2-48B3-4D8A-BD13-72324D023C1F}.Release|x64.ActiveCfg = Release|Any CPU
		{4436A8F2-48B3-4D8A-BD13-72324D023C1F}.Release|x64.Build.0 = Release|Any CPU
		{4436A8F2-48B3-4D8A-BD13-72324D023C1F}.Release|x86.ActiveCfg = Release|Any CPU
		{4436A8F2-48B3-4D8A-BD13-72324D023C1F}.Release|x86.Build.0 = Release|Any CPU
		{94118964-B849-4321-88EF-49E0C7FEAC94}.Debug|Any CPU.ActiveCfg = Debug|Any CPU
		{94118964-B849-4321-88EF-49E0C7FEAC94}.Debug|Any CPU.Build.0 = Debug|Any CPU
		{94118964-B849-4321-88EF-49E0C7FEAC94}.Debug|x64.ActiveCfg = Debug|Any CPU
		{94118964-B849-4321-88EF-49E0C7FEAC94}.Debug|x64.Build.0 = Debug|Any CPU
		{94118964-B849-4321-88EF-49E0C7FEAC94}.Debug|x86.ActiveCfg = Debug|Any CPU
		{94118964-B849-4321-88EF-49E0C7FEAC94}.Debug|x86.Build.0 = Debug|Any CPU
		{94118964-B849-4321-88EF-49E0C7FEAC94}.Release|Any CPU.ActiveCfg = Release|Any CPU
		{94118964-B849-4321-88EF-49E0C7FEAC94}.Release|Any CPU.Build.0 = Release|Any CPU
		{94118964-B849-4321-88EF-49E0C7FEAC94}.Release|x64.ActiveCfg = Release|Any CPU
		{94118964-B849-4321-88EF-49E0C7FEAC94}.Release|x64.Build.0 = Release|Any CPU
		{94118964-B849-4321-88EF-49E0C7FEAC94}.Release|x86.ActiveCfg = Release|Any CPU
		{94118964-B849-4321-88EF-49E0C7FEAC94}.Release|x86.Build.0 = Release|Any CPU
	EndGlobalSection
EndGlobal
